
Microsoft Visual Studio Solution File, Format Version 12.00
# Visual Studio Version 16
VisualStudioVersion = 16.0.29613.14
MinimumVisualStudioVersion = 10.0.40219.1
Project("{8BC9CEB8-8B4A-11D0-8D11-00A0C91BC942}") = "ScratchPad", "ScratchPad\ScratchPad.vcxproj", "{895A4711-2B10-4ADB-843E-5466878BED6D}"
	ProjectSection(ProjectDependencies) = postProject
		{C1460B30-B5E2-4E15-8621-1CD9523E0685} = {C1460B30-B5E2-4E15-8621-1CD9523E0685}
		{A791A15A-45B4-40FE-88F7-88DC939B70DC} = {A791A15A-45B4-40FE-88F7-88DC939B70DC}
		{A1FD1997-E5A6-44AD-8589-70D4C83FA6DF} = {A1FD1997-E5A6-44AD-8589-70D4C83FA6DF}
		{8554BFDD-FF31-4D6C-8B17-01DD33958DB9} = {8554BFDD-FF31-4D6C-8B17-01DD33958DB9}
	EndProjectSection
EndProject
Project("{8BC9CEB8-8B4A-11D0-8D11-00A0C91BC942}") = "LvL", "LvL\LvL.vcxproj", "{DB3B1F6C-B31C-4A7F-9637-A9F112256031}"
	ProjectSection(ProjectDependencies) = postProject
		{C1460B30-B5E2-4E15-8621-1CD9523E0685} = {C1460B30-B5E2-4E15-8621-1CD9523E0685}
		{A791A15A-45B4-40FE-88F7-88DC939B70DC} = {A791A15A-45B4-40FE-88F7-88DC939B70DC}
		{A1FD1997-E5A6-44AD-8589-70D4C83FA6DF} = {A1FD1997-E5A6-44AD-8589-70D4C83FA6DF}
		{8554BFDD-FF31-4D6C-8B17-01DD33958DB9} = {8554BFDD-FF31-4D6C-8B17-01DD33958DB9}
	EndProjectSection
EndProject
Project("{8BC9CEB8-8B4A-11D0-8D11-00A0C91BC942}") = "LvLCommon", "LvLCommon\LvLCommon.vcxproj", "{A6429C58-3950-484A-BB5C-F0A7AFC86FDB}"
EndProject
Project("{8BC9CEB8-8B4A-11D0-8D11-00A0C91BC942}") = "LvLCore", "LvLCore\LvLCore.vcxproj", "{A1FD1997-E5A6-44AD-8589-70D4C83FA6DF}"
EndProject
Project("{8BC9CEB8-8B4A-11D0-8D11-00A0C91BC942}") = "Game01", "Game01\Game01.vcxproj", "{A791A15A-45B4-40FE-88F7-88DC939B70DC}"
EndProject
Project("{8BC9CEB8-8B4A-11D0-8D11-00A0C91BC942}") = "LvL2D", "LvL2D\LvL2D.vcxproj", "{C1460B30-B5E2-4E15-8621-1CD9523E0685}"
	ProjectSection(ProjectDependencies) = postProject
		{A1FD1997-E5A6-44AD-8589-70D4C83FA6DF} = {A1FD1997-E5A6-44AD-8589-70D4C83FA6DF}
	EndProjectSection
EndProject
Project("{8BC9CEB8-8B4A-11D0-8D11-00A0C91BC942}") = "LvLPhysics2D", "LvLPhysics2D\LvLPhysics2D.vcxproj", "{8554BFDD-FF31-4D6C-8B17-01DD33958DB9}"
	ProjectSection(ProjectDependencies) = postProject
		{A1FD1997-E5A6-44AD-8589-70D4C83FA6DF} = {A1FD1997-E5A6-44AD-8589-70D4C83FA6DF}
	EndProjectSection
EndProject
Global
	GlobalSection(SolutionConfigurationPlatforms) = preSolution
		Debug|x64 = Debug|x64
		Debug|x86 = Debug|x86
		Release|x64 = Release|x64
		Release|x86 = Release|x86
	EndGlobalSection
	GlobalSection(ProjectConfigurationPlatforms) = postSolution
		{895A4711-2B10-4ADB-843E-5466878BED6D}.Debug|x64.ActiveCfg = Debug|x64
		{895A4711-2B10-4ADB-843E-5466878BED6D}.Debug|x64.Build.0 = Debug|x64
		{895A4711-2B10-4ADB-843E-5466878BED6D}.Debug|x86.ActiveCfg = Debug|Win32
		{895A4711-2B10-4ADB-843E-5466878BED6D}.Debug|x86.Build.0 = Debug|Win32
		{895A4711-2B10-4ADB-843E-5466878BED6D}.Release|x64.ActiveCfg = Release|x64
		{895A4711-2B10-4ADB-843E-5466878BED6D}.Release|x64.Build.0 = Release|x64
		{895A4711-2B10-4ADB-843E-5466878BED6D}.Release|x86.ActiveCfg = Release|Win32
		{895A4711-2B10-4ADB-843E-5466878BED6D}.Release|x86.Build.0 = Release|Win32
		{DB3B1F6C-B31C-4A7F-9637-A9F112256031}.Debug|x64.ActiveCfg = Debug|x64
		{DB3B1F6C-B31C-4A7F-9637-A9F112256031}.Debug|x64.Build.0 = Debug|x64
		{DB3B1F6C-B31C-4A7F-9637-A9F112256031}.Debug|x86.ActiveCfg = Debug|Win32
		{DB3B1F6C-B31C-4A7F-9637-A9F112256031}.Debug|x86.Build.0 = Debug|Win32
		{DB3B1F6C-B31C-4A7F-9637-A9F112256031}.Release|x64.ActiveCfg = Release|x64
		{DB3B1F6C-B31C-4A7F-9637-A9F112256031}.Release|x64.Build.0 = Release|x64
		{DB3B1F6C-B31C-4A7F-9637-A9F112256031}.Release|x86.ActiveCfg = Release|Win32
		{DB3B1F6C-B31C-4A7F-9637-A9F112256031}.Release|x86.Build.0 = Release|Win32
		{A6429C58-3950-484A-BB5C-F0A7AFC86FDB}.Debug|x64.ActiveCfg = Debug|x64
		{A6429C58-3950-484A-BB5C-F0A7AFC86FDB}.Debug|x64.Build.0 = Debug|x64
		{A6429C58-3950-484A-BB5C-F0A7AFC86FDB}.Debug|x86.ActiveCfg = Debug|Win32
		{A6429C58-3950-484A-BB5C-F0A7AFC86FDB}.Debug|x86.Build.0 = Debug|Win32
		{A6429C58-3950-484A-BB5C-F0A7AFC86FDB}.Release|x64.ActiveCfg = Release|x64
		{A6429C58-3950-484A-BB5C-F0A7AFC86FDB}.Release|x64.Build.0 = Release|x64
		{A6429C58-3950-484A-BB5C-F0A7AFC86FDB}.Release|x86.ActiveCfg = Release|Win32
		{A6429C58-3950-484A-BB5C-F0A7AFC86FDB}.Release|x86.Build.0 = Release|Win32
		{A1FD1997-E5A6-44AD-8589-70D4C83FA6DF}.Debug|x64.ActiveCfg = Debug|x64
		{A1FD1997-E5A6-44AD-8589-70D4C83FA6DF}.Debug|x64.Build.0 = Debug|x64
		{A1FD1997-E5A6-44AD-8589-70D4C83FA6DF}.Debug|x86.ActiveCfg = Debug|Win32
		{A1FD1997-E5A6-44AD-8589-70D4C83FA6DF}.Debug|x86.Build.0 = Debug|Win32
		{A1FD1997-E5A6-44AD-8589-70D4C83FA6DF}.Release|x64.ActiveCfg = Release|x64
		{A1FD1997-E5A6-44AD-8589-70D4C83FA6DF}.Release|x64.Build.0 = Release|x64
		{A1FD1997-E5A6-44AD-8589-70D4C83FA6DF}.Release|x86.ActiveCfg = Release|Win32
		{A1FD1997-E5A6-44AD-8589-70D4C83FA6DF}.Release|x86.Build.0 = Release|Win32
		{A791A15A-45B4-40FE-88F7-88DC939B70DC}.Debug|x64.ActiveCfg = Debug|x64
		{A791A15A-45B4-40FE-88F7-88DC939B70DC}.Debug|x64.Build.0 = Debug|x64
		{A791A15A-45B4-40FE-88F7-88DC939B70DC}.Debug|x86.ActiveCfg = Debug|Win32
		{A791A15A-45B4-40FE-88F7-88DC939B70DC}.Debug|x86.Build.0 = Debug|Win32
		{A791A15A-45B4-40FE-88F7-88DC939B70DC}.Release|x64.ActiveCfg = Release|x64
		{A791A15A-45B4-40FE-88F7-88DC939B70DC}.Release|x64.Build.0 = Release|x64
		{A791A15A-45B4-40FE-88F7-88DC939B70DC}.Release|x86.ActiveCfg = Release|Win32
		{A791A15A-45B4-40FE-88F7-88DC939B70DC}.Release|x86.Build.0 = Release|Win32
		{C1460B30-B5E2-4E15-8621-1CD9523E0685}.Debug|x64.ActiveCfg = Debug|x64
		{C1460B30-B5E2-4E15-8621-1CD9523E0685}.Debug|x64.Build.0 = Debug|x64
		{C1460B30-B5E2-4E15-8621-1CD9523E0685}.Debug|x86.ActiveCfg = Debug|Win32
		{C1460B30-B5E2-4E15-8621-1CD9523E0685}.Debug|x86.Build.0 = Debug|Win32
		{C1460B30-B5E2-4E15-8621-1CD9523E0685}.Release|x64.ActiveCfg = Release|x64
		{C1460B30-B5E2-4E15-8621-1CD9523E0685}.Release|x64.Build.0 = Release|x64
		{C1460B30-B5E2-4E15-8621-1CD9523E0685}.Release|x86.ActiveCfg = Release|Win32
		{C1460B30-B5E2-4E15-8621-1CD9523E0685}.Release|x86.Build.0 = Release|Win32
		{8554BFDD-FF31-4D6C-8B17-01DD33958DB9}.Debug|x64.ActiveCfg = Debug|x64
		{8554BFDD-FF31-4D6C-8B17-01DD33958DB9}.Debug|x64.Build.0 = Debug|x64
		{8554BFDD-FF31-4D6C-8B17-01DD33958DB9}.Debug|x86.ActiveCfg = Debug|Win32
		{8554BFDD-FF31-4D6C-8B17-01DD33958DB9}.Debug|x86.Build.0 = Debug|Win32
		{8554BFDD-FF31-4D6C-8B17-01DD33958DB9}.Release|x64.ActiveCfg = Release|x64
		{8554BFDD-FF31-4D6C-8B17-01DD33958DB9}.Release|x64.Build.0 = Release|x64
		{8554BFDD-FF31-4D6C-8B17-01DD33958DB9}.Release|x86.ActiveCfg = Release|Win32
		{8554BFDD-FF31-4D6C-8B17-01DD33958DB9}.Release|x86.Build.0 = Release|Win32
	EndGlobalSection
	GlobalSection(SolutionProperties) = preSolution
		HideSolutionNode = FALSE
	EndGlobalSection
	GlobalSection(ExtensibilityGlobals) = postSolution
		SolutionGuid = {A48F8FDC-708C-443E-BCC8-B30E60166F7B}
	EndGlobalSection
EndGlobal
